
Microsoft Visual Studio Solution File, Format Version 12.00
# Visual Studio Version 17
VisualStudioVersion = 17.5.33627.172
MinimumVisualStudioVersion = 10.0.40219.1
Project("{FAE04EC0-301F-11D3-BF4B-00C04F79EFBC}") = "01.DataTypes", "01.DataTypes\01.DataTypes.csproj", "{8C8583B5-3768-4CF5-8331-703741FC7511}"
EndProject
Project("{FAE04EC0-301F-11D3-BF4B-00C04F79EFBC}") = "02.CenterPoint", "02.CenterPoint\02.CenterPoint.csproj", "{DF0F0772-980E-468A-818D-4B52F51C5F85}"
EndProject
Project("{FAE04EC0-301F-11D3-BF4B-00C04F79EFBC}") = "03.LongerLine", "03.LongerLine\03.LongerLine.csproj", "{111DBF81-D822-4180-A3CE-5EFB37C8E837}"
EndProject
Project("{FAE04EC0-301F-11D3-BF4B-00C04F79EFBC}") = "04.TribonacciSequence", "04.TribonacciSequence\04.TribonacciSequence.csproj", "{060F4E1C-7C01-4BA9-B5CD-935EAEB60585}"
EndProject
Project("{FAE04EC0-301F-11D3-BF4B-00C04F79EFBC}") = "05.MultiplicationSign", "05.MultiplicationSign\05.MultiplicationSign.csproj", "{84F422AC-200D-4106-A6D0-AD52EA1745BF}"
EndProject
Global
	GlobalSection(SolutionConfigurationPlatforms) = preSolution
		Debug|Any CPU = Debug|Any CPU
		Release|Any CPU = Release|Any CPU
	EndGlobalSection
	GlobalSection(ProjectConfigurationPlatforms) = postSolution
		{8C8583B5-3768-4CF5-8331-703741FC7511}.Debug|Any CPU.ActiveCfg = Debug|Any CPU
		{8C8583B5-3768-4CF5-8331-703741FC7511}.Debug|Any CPU.Build.0 = Debug|Any CPU
		{8C8583B5-3768-4CF5-8331-703741FC7511}.Release|Any CPU.ActiveCfg = Release|Any CPU
		{8C8583B5-3768-4CF5-8331-703741FC7511}.Release|Any CPU.Build.0 = Release|Any CPU
		{DF0F0772-980E-468A-818D-4B52F51C5F85}.Debug|Any CPU.ActiveCfg = Debug|Any CPU
		{DF0F0772-980E-468A-818D-4B52F51C5F85}.Debug|Any CPU.Build.0 = Debug|Any CPU
		{DF0F0772-980E-468A-818D-4B52F51C5F85}.Release|Any CPU.ActiveCfg = Release|Any CPU
		{DF0F0772-980E-468A-818D-4B52F51C5F85}.Release|Any CPU.Build.0 = Release|Any CPU
		{111DBF81-D822-4180-A3CE-5EFB37C8E837}.Debug|Any CPU.ActiveCfg = Debug|Any CPU
		{111DBF81-D822-4180-A3CE-5EFB37C8E837}.Debug|Any CPU.Build.0 = Debug|Any CPU
		{111DBF81-D822-4180-A3CE-5EFB37C8E837}.Release|Any CPU.ActiveCfg = Release|Any CPU
		{111DBF81-D822-4180-A3CE-5EFB37C8E837}.Release|Any CPU.Build.0 = Release|Any CPU
		{060F4E1C-7C01-4BA9-B5CD-935EAEB60585}.Debug|Any CPU.ActiveCfg = Debug|Any CPU
		{060F4E1C-7C01-4BA9-B5CD-935EAEB60585}.Debug|Any CPU.Build.0 = Debug|Any CPU
		{060F4E1C-7C01-4BA9-B5CD-935EAEB60585}.Release|Any CPU.ActiveCfg = Release|Any CPU
		{060F4E1C-7C01-4BA9-B5CD-935EAEB60585}.Release|Any CPU.Build.0 = Release|Any CPU
		{84F422AC-200D-4106-A6D0-AD52EA1745BF}.Debug|Any CPU.ActiveCfg = Debug|Any CPU
		{84F422AC-200D-4106-A6D0-AD52EA1745BF}.Debug|Any CPU.Build.0 = Debug|Any CPU
		{84F422AC-200D-4106-A6D0-AD52EA1745BF}.Release|Any CPU.ActiveCfg = Release|Any CPU
		{84F422AC-200D-4106-A6D0-AD52EA1745BF}.Release|Any CPU.Build.0 = Release|Any CPU
	EndGlobalSection
	GlobalSection(SolutionProperties) = preSolution
		HideSolutionNode = FALSE
	EndGlobalSection
	GlobalSection(ExtensibilityGlobals) = postSolution
		SolutionGuid = {D474D2A0-1810-4DBC-B389-49DFDC8ED31F}
	EndGlobalSection
EndGlobal
