
Microsoft Visual Studio Solution File, Format Version 12.00
# Visual Studio Version 17
VisualStudioVersion = 17.7.34031.279
MinimumVisualStudioVersion = 10.0.40219.1
Project("{FAE04EC0-301F-11D3-BF4B-00C04F79EFBC}") = "01.SortEvenNumbers", "01.SortEvenNumbers\01.SortEvenNumbers.csproj", "{53F39A4C-8417-474D-98A5-BB1493A75CA5}"
EndProject
Project("{FAE04EC0-301F-11D3-BF4B-00C04F79EFBC}") = "02.SumNumbers", "02.SumNumbers\02.SumNumbers.csproj", "{885EF4E8-0F51-442D-A01E-B96A4543ED33}"
EndProject
Project("{FAE04EC0-301F-11D3-BF4B-00C04F79EFBC}") = "03.CountUppercaseWords", "03.CountUppercaseWords\03.CountUppercaseWords.csproj", "{7702882F-491B-4FF3-BEB1-1A87C905B021}"
EndProject
Project("{FAE04EC0-301F-11D3-BF4B-00C04F79EFBC}") = "04.AddVAT", "04.AddVAT\04.AddVAT.csproj", "{7A134F92-7FAC-4BDA-B36D-3A3836BF5AC3}"
EndProject
Project("{FAE04EC0-301F-11D3-BF4B-00C04F79EFBC}") = "05.FilterByAge", "05.FilterByAge\05.FilterByAge.csproj", "{EEF37911-48A9-4C67-9962-8EBC71D55FAC}"
EndProject
Global
	GlobalSection(SolutionConfigurationPlatforms) = preSolution
		Debug|Any CPU = Debug|Any CPU
		Release|Any CPU = Release|Any CPU
	EndGlobalSection
	GlobalSection(ProjectConfigurationPlatforms) = postSolution
		{53F39A4C-8417-474D-98A5-BB1493A75CA5}.Debug|Any CPU.ActiveCfg = Debug|Any CPU
		{53F39A4C-8417-474D-98A5-BB1493A75CA5}.Debug|Any CPU.Build.0 = Debug|Any CPU
		{53F39A4C-8417-474D-98A5-BB1493A75CA5}.Release|Any CPU.ActiveCfg = Release|Any CPU
		{53F39A4C-8417-474D-98A5-BB1493A75CA5}.Release|Any CPU.Build.0 = Release|Any CPU
		{885EF4E8-0F51-442D-A01E-B96A4543ED33}.Debug|Any CPU.ActiveCfg = Debug|Any CPU
		{885EF4E8-0F51-442D-A01E-B96A4543ED33}.Debug|Any CPU.Build.0 = Debug|Any CPU
		{885EF4E8-0F51-442D-A01E-B96A4543ED33}.Release|Any CPU.ActiveCfg = Release|Any CPU
		{885EF4E8-0F51-442D-A01E-B96A4543ED33}.Release|Any CPU.Build.0 = Release|Any CPU
		{7702882F-491B-4FF3-BEB1-1A87C905B021}.Debug|Any CPU.ActiveCfg = Debug|Any CPU
		{7702882F-491B-4FF3-BEB1-1A87C905B021}.Debug|Any CPU.Build.0 = Debug|Any CPU
		{7702882F-491B-4FF3-BEB1-1A87C905B021}.Release|Any CPU.ActiveCfg = Release|Any CPU
		{7702882F-491B-4FF3-BEB1-1A87C905B021}.Release|Any CPU.Build.0 = Release|Any CPU
		{7A134F92-7FAC-4BDA-B36D-3A3836BF5AC3}.Debug|Any CPU.ActiveCfg = Debug|Any CPU
		{7A134F92-7FAC-4BDA-B36D-3A3836BF5AC3}.Debug|Any CPU.Build.0 = Debug|Any CPU
		{7A134F92-7FAC-4BDA-B36D-3A3836BF5AC3}.Release|Any CPU.ActiveCfg = Release|Any CPU
		{7A134F92-7FAC-4BDA-B36D-3A3836BF5AC3}.Release|Any CPU.Build.0 = Release|Any CPU
		{EEF37911-48A9-4C67-9962-8EBC71D55FAC}.Debug|Any CPU.ActiveCfg = Debug|Any CPU
		{EEF37911-48A9-4C67-9962-8EBC71D55FAC}.Debug|Any CPU.Build.0 = Debug|Any CPU
		{EEF37911-48A9-4C67-9962-8EBC71D55FAC}.Release|Any CPU.ActiveCfg = Release|Any CPU
		{EEF37911-48A9-4C67-9962-8EBC71D55FAC}.Release|Any CPU.Build.0 = Release|Any CPU
	EndGlobalSection
	GlobalSection(SolutionProperties) = preSolution
		HideSolutionNode = FALSE
	EndGlobalSection
	GlobalSection(ExtensibilityGlobals) = postSolution
		SolutionGuid = {B679F57D-2750-4457-BFAB-A6E5AE531038}
	EndGlobalSection
EndGlobal
