
Microsoft Visual Studio Solution File, Format Version 12.00
# Visual Studio Version 16
VisualStudioVersion = 16.0.33214.272
MinimumVisualStudioVersion = 10.0.40219.1
Project("{FAE04EC0-301F-11D3-BF4B-00C04F79EFBC}") = "01.ReverseStrings", "01.ReverseStrings\01.ReverseStrings.csproj", "{A089437C-D8FF-44F6-BA06-A6551D7CAC48}"
EndProject
Project("{FAE04EC0-301F-11D3-BF4B-00C04F79EFBC}") = "02.RepeatStrings", "02.RepeatStrings\02.RepeatStrings.csproj", "{C428403C-6792-4275-8541-FB3D3CDD2E85}"
EndProject
Project("{FAE04EC0-301F-11D3-BF4B-00C04F79EFBC}") = "03.Substring", "03.Substring\03.Substring.csproj", "{54A4C37D-93D3-4127-BB4C-FB5A41992209}"
EndProject
Project("{FAE04EC0-301F-11D3-BF4B-00C04F79EFBC}") = "04.TextFilter", "04.TextFilter\04.TextFilter.csproj", "{E5D0AC19-8411-46FC-A21D-B7BCF8519F7A}"
EndProject
Project("{FAE04EC0-301F-11D3-BF4B-00C04F79EFBC}") = "05.DigitsLettersAndOthers", "05.DigitsLettersAndOthers\05.DigitsLettersAndOthers.csproj", "{297EDC0B-57CF-4A06-B718-46F9E57EDA23}"
EndProject
Global
	GlobalSection(SolutionConfigurationPlatforms) = preSolution
		Debug|Any CPU = Debug|Any CPU
		Release|Any CPU = Release|Any CPU
	EndGlobalSection
	GlobalSection(ProjectConfigurationPlatforms) = postSolution
		{A089437C-D8FF-44F6-BA06-A6551D7CAC48}.Debug|Any CPU.ActiveCfg = Debug|Any CPU
		{A089437C-D8FF-44F6-BA06-A6551D7CAC48}.Debug|Any CPU.Build.0 = Debug|Any CPU
		{A089437C-D8FF-44F6-BA06-A6551D7CAC48}.Release|Any CPU.ActiveCfg = Release|Any CPU
		{A089437C-D8FF-44F6-BA06-A6551D7CAC48}.Release|Any CPU.Build.0 = Release|Any CPU
		{C428403C-6792-4275-8541-FB3D3CDD2E85}.Debug|Any CPU.ActiveCfg = Debug|Any CPU
		{C428403C-6792-4275-8541-FB3D3CDD2E85}.Debug|Any CPU.Build.0 = Debug|Any CPU
		{C428403C-6792-4275-8541-FB3D3CDD2E85}.Release|Any CPU.ActiveCfg = Release|Any CPU
		{C428403C-6792-4275-8541-FB3D3CDD2E85}.Release|Any CPU.Build.0 = Release|Any CPU
		{54A4C37D-93D3-4127-BB4C-FB5A41992209}.Debug|Any CPU.ActiveCfg = Debug|Any CPU
		{54A4C37D-93D3-4127-BB4C-FB5A41992209}.Debug|Any CPU.Build.0 = Debug|Any CPU
		{54A4C37D-93D3-4127-BB4C-FB5A41992209}.Release|Any CPU.ActiveCfg = Release|Any CPU
		{54A4C37D-93D3-4127-BB4C-FB5A41992209}.Release|Any CPU.Build.0 = Release|Any CPU
		{E5D0AC19-8411-46FC-A21D-B7BCF8519F7A}.Debug|Any CPU.ActiveCfg = Debug|Any CPU
		{E5D0AC19-8411-46FC-A21D-B7BCF8519F7A}.Debug|Any CPU.Build.0 = Debug|Any CPU
		{E5D0AC19-8411-46FC-A21D-B7BCF8519F7A}.Release|Any CPU.ActiveCfg = Release|Any CPU
		{E5D0AC19-8411-46FC-A21D-B7BCF8519F7A}.Release|Any CPU.Build.0 = Release|Any CPU
		{297EDC0B-57CF-4A06-B718-46F9E57EDA23}.Debug|Any CPU.ActiveCfg = Debug|Any CPU
		{297EDC0B-57CF-4A06-B718-46F9E57EDA23}.Debug|Any CPU.Build.0 = Debug|Any CPU
		{297EDC0B-57CF-4A06-B718-46F9E57EDA23}.Release|Any CPU.ActiveCfg = Release|Any CPU
		{297EDC0B-57CF-4A06-B718-46F9E57EDA23}.Release|Any CPU.Build.0 = Release|Any CPU
	EndGlobalSection
	GlobalSection(SolutionProperties) = preSolution
		HideSolutionNode = FALSE
	EndGlobalSection
	GlobalSection(ExtensibilityGlobals) = postSolution
		SolutionGuid = {1DE78B2D-CC1E-4D5F-AA0E-E83A91A7A361}
	EndGlobalSection
EndGlobal
