
Microsoft Visual Studio Solution File, Format Version 12.00
# Visual Studio Version 16
VisualStudioVersion = 16.0.33927.289
MinimumVisualStudioVersion = 10.0.40219.1
Project("{9A19103F-16F7-4668-BE54-9A1E7A4F7556}") = "01.BasicStackOperations", "01.BasicStackOperations\01.BasicStackOperations.csproj", "{9ECDE2DF-C826-48C9-95E1-C2A8CE27D583}"
EndProject
Project("{FAE04EC0-301F-11D3-BF4B-00C04F79EFBC}") = "02.BasicQueueOperations", "02.BasicQueueOperations\02.BasicQueueOperations.csproj", "{2C119EDD-51DC-4154-839D-A1323DAD38E3}"
EndProject
Project("{FAE04EC0-301F-11D3-BF4B-00C04F79EFBC}") = "03.MaximumAndMinimumElements", "03.MaximumAndMinimumElements\03.MaximumAndMinimumElements.csproj", "{F99B7F1D-F9E9-4707-B826-2241A9E18EA2}"
EndProject
Project("{FAE04EC0-301F-11D3-BF4B-00C04F79EFBC}") = "04.FastFood", "04.FastFood\04.FastFood.csproj", "{495B5605-DB03-46A1-B98A-3A28557D126E}"
EndProject
Project("{FAE04EC0-301F-11D3-BF4B-00C04F79EFBC}") = "05.FashionBoutique", "05.FashionBoutique\05.FashionBoutique.csproj", "{D3E2E1C7-3BBF-46F9-B83C-505FEFD3C5E2}"
EndProject
Project("{FAE04EC0-301F-11D3-BF4B-00C04F79EFBC}") = "06.SongsQueue", "06.SongsQueue\06.SongsQueue.csproj", "{E4931A59-BC95-41CE-A74A-A8B6B7CDDF2F}"
EndProject
Project("{FAE04EC0-301F-11D3-BF4B-00C04F79EFBC}") = "07.TruckTour", "07.TruckTour\07.TruckTour.csproj", "{A34EB8C4-0423-4BA9-A117-B72841A9735E}"
EndProject
Project("{FAE04EC0-301F-11D3-BF4B-00C04F79EFBC}") = "08.BalancedParenthesis", "08.BalancedParenthesis\08.BalancedParenthesis.csproj", "{5B1F6FF5-3A0A-4EC5-A679-BCA94BD346CE}"
EndProject
Project("{FAE04EC0-301F-11D3-BF4B-00C04F79EFBC}") = "09.SimpleTextEditor", "09.SimpleTextEditor\09.SimpleTextEditor.csproj", "{54BF6307-6BB8-4041-9D10-92C7C1E20CE8}"
EndProject
Project("{FAE04EC0-301F-11D3-BF4B-00C04F79EFBC}") = "10.Crossroads", "10.Crossroads\10.Crossroads.csproj", "{416D510B-47DA-48BC-B990-F445E7AF84FE}"
EndProject
Project("{FAE04EC0-301F-11D3-BF4B-00C04F79EFBC}") = "11.KeyRevolver", "11.KeyRevolver\11.KeyRevolver.csproj", "{78F0EA1C-5471-48D2-9177-D71DE3CF4BAD}"
EndProject
Project("{FAE04EC0-301F-11D3-BF4B-00C04F79EFBC}") = "12.CupsAndBottles", "12.CupsAndBottles\12.CupsAndBottles.csproj", "{3E06112A-E555-464E-B81A-3C65C9F6B586}"
EndProject
Global
	GlobalSection(SolutionConfigurationPlatforms) = preSolution
		Debug|Any CPU = Debug|Any CPU
		Release|Any CPU = Release|Any CPU
	EndGlobalSection
	GlobalSection(ProjectConfigurationPlatforms) = postSolution
		{9ECDE2DF-C826-48C9-95E1-C2A8CE27D583}.Debug|Any CPU.ActiveCfg = Debug|Any CPU
		{9ECDE2DF-C826-48C9-95E1-C2A8CE27D583}.Debug|Any CPU.Build.0 = Debug|Any CPU
		{9ECDE2DF-C826-48C9-95E1-C2A8CE27D583}.Release|Any CPU.ActiveCfg = Release|Any CPU
		{9ECDE2DF-C826-48C9-95E1-C2A8CE27D583}.Release|Any CPU.Build.0 = Release|Any CPU
		{2C119EDD-51DC-4154-839D-A1323DAD38E3}.Debug|Any CPU.ActiveCfg = Debug|Any CPU
		{2C119EDD-51DC-4154-839D-A1323DAD38E3}.Debug|Any CPU.Build.0 = Debug|Any CPU
		{2C119EDD-51DC-4154-839D-A1323DAD38E3}.Release|Any CPU.ActiveCfg = Release|Any CPU
		{2C119EDD-51DC-4154-839D-A1323DAD38E3}.Release|Any CPU.Build.0 = Release|Any CPU
		{F99B7F1D-F9E9-4707-B826-2241A9E18EA2}.Debug|Any CPU.ActiveCfg = Debug|Any CPU
		{F99B7F1D-F9E9-4707-B826-2241A9E18EA2}.Debug|Any CPU.Build.0 = Debug|Any CPU
		{F99B7F1D-F9E9-4707-B826-2241A9E18EA2}.Release|Any CPU.ActiveCfg = Release|Any CPU
		{F99B7F1D-F9E9-4707-B826-2241A9E18EA2}.Release|Any CPU.Build.0 = Release|Any CPU
		{495B5605-DB03-46A1-B98A-3A28557D126E}.Debug|Any CPU.ActiveCfg = Debug|Any CPU
		{495B5605-DB03-46A1-B98A-3A28557D126E}.Debug|Any CPU.Build.0 = Debug|Any CPU
		{495B5605-DB03-46A1-B98A-3A28557D126E}.Release|Any CPU.ActiveCfg = Release|Any CPU
		{495B5605-DB03-46A1-B98A-3A28557D126E}.Release|Any CPU.Build.0 = Release|Any CPU
		{D3E2E1C7-3BBF-46F9-B83C-505FEFD3C5E2}.Debug|Any CPU.ActiveCfg = Debug|Any CPU
		{D3E2E1C7-3BBF-46F9-B83C-505FEFD3C5E2}.Debug|Any CPU.Build.0 = Debug|Any CPU
		{D3E2E1C7-3BBF-46F9-B83C-505FEFD3C5E2}.Release|Any CPU.ActiveCfg = Release|Any CPU
		{D3E2E1C7-3BBF-46F9-B83C-505FEFD3C5E2}.Release|Any CPU.Build.0 = Release|Any CPU
		{E4931A59-BC95-41CE-A74A-A8B6B7CDDF2F}.Debug|Any CPU.ActiveCfg = Debug|Any CPU
		{E4931A59-BC95-41CE-A74A-A8B6B7CDDF2F}.Debug|Any CPU.Build.0 = Debug|Any CPU
		{E4931A59-BC95-41CE-A74A-A8B6B7CDDF2F}.Release|Any CPU.ActiveCfg = Release|Any CPU
		{E4931A59-BC95-41CE-A74A-A8B6B7CDDF2F}.Release|Any CPU.Build.0 = Release|Any CPU
		{A34EB8C4-0423-4BA9-A117-B72841A9735E}.Debug|Any CPU.ActiveCfg = Debug|Any CPU
		{A34EB8C4-0423-4BA9-A117-B72841A9735E}.Debug|Any CPU.Build.0 = Debug|Any CPU
		{A34EB8C4-0423-4BA9-A117-B72841A9735E}.Release|Any CPU.ActiveCfg = Release|Any CPU
		{A34EB8C4-0423-4BA9-A117-B72841A9735E}.Release|Any CPU.Build.0 = Release|Any CPU
		{5B1F6FF5-3A0A-4EC5-A679-BCA94BD346CE}.Debug|Any CPU.ActiveCfg = Debug|Any CPU
		{5B1F6FF5-3A0A-4EC5-A679-BCA94BD346CE}.Debug|Any CPU.Build.0 = Debug|Any CPU
		{5B1F6FF5-3A0A-4EC5-A679-BCA94BD346CE}.Release|Any CPU.ActiveCfg = Release|Any CPU
		{5B1F6FF5-3A0A-4EC5-A679-BCA94BD346CE}.Release|Any CPU.Build.0 = Release|Any CPU
		{54BF6307-6BB8-4041-9D10-92C7C1E20CE8}.Debug|Any CPU.ActiveCfg = Debug|Any CPU
		{54BF6307-6BB8-4041-9D10-92C7C1E20CE8}.Debug|Any CPU.Build.0 = Debug|Any CPU
		{54BF6307-6BB8-4041-9D10-92C7C1E20CE8}.Release|Any CPU.ActiveCfg = Release|Any CPU
		{54BF6307-6BB8-4041-9D10-92C7C1E20CE8}.Release|Any CPU.Build.0 = Release|Any CPU
		{416D510B-47DA-48BC-B990-F445E7AF84FE}.Debug|Any CPU.ActiveCfg = Debug|Any CPU
		{416D510B-47DA-48BC-B990-F445E7AF84FE}.Debug|Any CPU.Build.0 = Debug|Any CPU
		{416D510B-47DA-48BC-B990-F445E7AF84FE}.Release|Any CPU.ActiveCfg = Release|Any CPU
		{416D510B-47DA-48BC-B990-F445E7AF84FE}.Release|Any CPU.Build.0 = Release|Any CPU
		{78F0EA1C-5471-48D2-9177-D71DE3CF4BAD}.Debug|Any CPU.ActiveCfg = Debug|Any CPU
		{78F0EA1C-5471-48D2-9177-D71DE3CF4BAD}.Debug|Any CPU.Build.0 = Debug|Any CPU
		{78F0EA1C-5471-48D2-9177-D71DE3CF4BAD}.Release|Any CPU.ActiveCfg = Release|Any CPU
		{78F0EA1C-5471-48D2-9177-D71DE3CF4BAD}.Release|Any CPU.Build.0 = Release|Any CPU
		{3E06112A-E555-464E-B81A-3C65C9F6B586}.Debug|Any CPU.ActiveCfg = Debug|Any CPU
		{3E06112A-E555-464E-B81A-3C65C9F6B586}.Debug|Any CPU.Build.0 = Debug|Any CPU
		{3E06112A-E555-464E-B81A-3C65C9F6B586}.Release|Any CPU.ActiveCfg = Release|Any CPU
		{3E06112A-E555-464E-B81A-3C65C9F6B586}.Release|Any CPU.Build.0 = Release|Any CPU
	EndGlobalSection
	GlobalSection(SolutionProperties) = preSolution
		HideSolutionNode = FALSE
	EndGlobalSection
	GlobalSection(ExtensibilityGlobals) = postSolution
		SolutionGuid = {AAE08291-11BC-4834-A9EB-162AE89048A2}
	EndGlobalSection
EndGlobal
